version = 1
revision = 2
requires-python = ">=3.11"

[[package]]
name = "asgiref"
version = "3.8.1"
source = { registry = "https://pypi.org/simple" }
sdist = { url = "https://files.pythonhosted.org/packages/29/38/b3395cc9ad1b56d2ddac9970bc8f4141312dbaec28bc7c218b0dfafd0f42/asgiref-3.8.1.tar.gz", hash = "sha256:c343bd80a0bec947a9860adb4c432ffa7db769836c64238fc34bdc3fec84d590", size = 35186, upload-time = "2024-03-22T14:39:36.863Z" }
wheels = [
    { url = "https://files.pythonhosted.org/packages/39/e3/893e8757be2612e6c266d9bb58ad2e3651524b5b40cf56761e985a28b13e/asgiref-3.8.1-py3-none-any.whl", hash = "sha256:3e1e3ecc849832fe52ccf2cb6686b7a55f82bb1d6aee72a58826471390335e47", size = 23828, upload-time = "2024-03-22T14:39:34.521Z" },
]

[[package]]
name = "attrs"
version = "25.3.0"
source = { registry = "https://pypi.org/simple" }
sdist = { url = "https://files.pythonhosted.org/packages/5a/b0/1367933a8532ee6ff8d63537de4f1177af4bff9f3e829baf7331f595bb24/attrs-25.3.0.tar.gz", hash = "sha256:75d7cefc7fb576747b2c81b4442d4d4a1ce0900973527c011d1030fd3bf4af1b", size = 812032, upload-time = "2025-03-13T11:10:22.779Z" }
wheels = [
    { url = "https://files.pythonhosted.org/packages/77/06/bb80f5f86020c4551da315d78b3ab75e8228f89f0162f2c3a819e407941a/attrs-25.3.0-py3-none-any.whl", hash = "sha256:427318ce031701fea540783410126f03899a97ffc6f61596ad581ac2e40e3bc3", size = 63815, upload-time = "2025-03-13T11:10:21.14Z" },
]

[[package]]
name = "bleach"
version = "6.2.0"
source = { registry = "https://pypi.org/simple" }
dependencies = [
    { name = "webencodings" },
]
sdist = { url = "https://files.pythonhosted.org/packages/76/9a/0e33f5054c54d349ea62c277191c020c2d6ef1d65ab2cb1993f91ec846d1/bleach-6.2.0.tar.gz", hash = "sha256:123e894118b8a599fd80d3ec1a6d4cc7ce4e5882b1317a7e1ba69b56e95f991f", size = 203083, upload-time = "2024-10-29T18:30:40.477Z" }
wheels = [
    { url = "https://files.pythonhosted.org/packages/fc/55/96142937f66150805c25c4d0f31ee4132fd33497753400734f9dfdcbdc66/bleach-6.2.0-py3-none-any.whl", hash = "sha256:117d9c6097a7c3d22fd578fcd8d35ff1e125df6736f554da4e432fdd63f31e5e", size = 163406, upload-time = "2024-10-29T18:30:38.186Z" },
]

[package.optional-dependencies]
css = [
    { name = "tinycss2" },
]

[[package]]
name = "boxedin"
version = "0.1.0"
source = { virtual = "." }
dependencies = [
    { name = "attrs" },
    { name = "cattrs" },
    { name = "django" },
    { name = "django-markdownfield" },
]

[package.dev-dependencies]
dev = [
    { name = "factory-boy" },
]

[package.metadata]
requires-dist = [
    { name = "attrs", specifier = ">=25.3.0" },
    { name = "cattrs", specifier = ">=25.1.1" },
    { name = "django", specifier = ">=5.2.3" },
    { name = "django-markdownfield", specifier = ">=0.11.0" },
]

[package.metadata.requires-dev]
dev = [{ name = "factory-boy", specifier = ">=3.3.3" }]

[[package]]
name = "cattrs"
version = "25.1.1"
source = { registry = "https://pypi.org/simple" }
dependencies = [
    { name = "attrs" },
    { name = "typing-extensions" },
]
sdist = { url = "https://files.pythonhosted.org/packages/57/2b/561d78f488dcc303da4639e02021311728fb7fda8006dd2835550cddd9ed/cattrs-25.1.1.tar.gz", hash = "sha256:c914b734e0f2d59e5b720d145ee010f1fd9a13ee93900922a2f3f9d593b8382c", size = 435016, upload-time = "2025-06-04T20:27:15.44Z" }
wheels = [
    { url = "https://files.pythonhosted.org/packages/18/b0/215274ef0d835bbc1056392a367646648b6084e39d489099959aefcca2af/cattrs-25.1.1-py3-none-any.whl", hash = "sha256:1b40b2d3402af7be79a7e7e097a9b4cd16d4c06e6d526644b0b26a063a1cc064", size = 69386, upload-time = "2025-06-04T20:27:13.969Z" },
]

[[package]]
name = "django"
version = "5.2.3"
source = { registry = "https://pypi.org/simple" }
dependencies = [
    { name = "asgiref" },
    { name = "sqlparse" },
    { name = "tzdata", marker = "sys_platform == 'win32'" },
]
sdist = { url = "https://files.pythonhosted.org/packages/c6/af/77b403926025dc6f7fd7b31256394d643469418965eb528eab45d0505358/django-5.2.3.tar.gz", hash = "sha256:335213277666ab2c5cac44a792a6d2f3d58eb79a80c14b6b160cd4afc3b75684", size = 10850303, upload-time = "2025-06-10T10:14:05.174Z" }
wheels = [
    { url = "https://files.pythonhosted.org/packages/1b/11/7aff961db37e1ea501a2bb663d27a8ce97f3683b9e5b83d3bfead8b86fa4/django-5.2.3-py3-none-any.whl", hash = "sha256:c517a6334e0fd940066aa9467b29401b93c37cec2e61365d663b80922542069d", size = 8301935, upload-time = "2025-06-10T10:13:58.993Z" },
]

[[package]]
name = "django-markdownfield"
version = "0.11.0"
source = { registry = "https://pypi.org/simple" }
dependencies = [
    { name = "bleach", extra = ["css"] },
    { name = "django" },
    { name = "markdown" },
    { name = "shortuuid" },
]
sdist = { url = "https://files.pythonhosted.org/packages/3d/ee/7244016bef5911fa10aa983af9237c2e6e546ba76561ad57a3c5a95a9aff/django_markdownfield-0.11.0.tar.gz", hash = "sha256:6f1636b21226b658a18a9bc3d5284a8708447fe3d772b933c65fec9f28d119b9", size = 779982, upload-time = "2023-08-27T04:00:44.33Z" }
wheels = [
    { url = "https://files.pythonhosted.org/packages/e6/36/d7a13624668f3ae5a9abb9b253ad14b775f1140f4055b1b5870a582de15b/django_markdownfield-0.11.0-py3-none-any.whl", hash = "sha256:fc9d60b4dbb846954ec05832c28400f138303e02d309316a105b9e1b9182183d", size = 745902, upload-time = "2023-08-27T04:00:36.758Z" },
]

[[package]]
name = "factory-boy"
version = "3.3.3"
source = { registry = "https://pypi.org/simple" }
dependencies = [
    { name = "faker" },
]
sdist = { url = "https://files.pythonhosted.org/packages/ba/98/75cacae9945f67cfe323829fc2ac451f64517a8a330b572a06a323997065/factory_boy-3.3.3.tar.gz", hash = "sha256:866862d226128dfac7f2b4160287e899daf54f2612778327dd03d0e2cb1e3d03", size = 164146, upload-time = "2025-02-03T09:49:04.433Z" }
wheels = [
    { url = "https://files.pythonhosted.org/packages/27/8d/2bc5f5546ff2ccb3f7de06742853483ab75bf74f36a92254702f8baecc79/factory_boy-3.3.3-py2.py3-none-any.whl", hash = "sha256:1c39e3289f7e667c4285433f305f8d506efc2fe9c73aaea4151ebd5cdea394fc", size = 37036, upload-time = "2025-02-03T09:49:01.659Z" },
]

[[package]]
name = "faker"
version = "37.4.0"
source = { registry = "https://pypi.org/simple" }
dependencies = [
    { name = "tzdata" },
]
sdist = { url = "https://files.pythonhosted.org/packages/65/f9/66af4019ee952fc84b8fe5b523fceb7f9e631ed8484417b6f1e3092f8290/faker-37.4.0.tar.gz", hash = "sha256:7f69d579588c23d5ce671f3fa872654ede0e67047820255f43a4aa1925b89780", size = 1901976, upload-time = "2025-06-11T17:59:30.818Z" }
wheels = [
    { url = "https://files.pythonhosted.org/packages/78/5e/c8c3c5ea0896ab747db2e2889bf5a6f618ed291606de6513df56ad8670a8/faker-37.4.0-py3-none-any.whl", hash = "sha256:cb81c09ebe06c32a10971d1bbdb264bb0e22b59af59548f011ac4809556ce533", size = 1942992, upload-time = "2025-06-11T17:59:28.698Z" },
]

[[package]]
name = "markdown"
version = "3.8"
source = { registry = "https://pypi.org/simple" }
sdist = { url = "https://files.pythonhosted.org/packages/2f/15/222b423b0b88689c266d9eac4e61396fe2cc53464459d6a37618ac863b24/markdown-3.8.tar.gz", hash = "sha256:7df81e63f0df5c4b24b7d156eb81e4690595239b7d70937d0409f1b0de319c6f", size = 360906, upload-time = "2025-04-11T14:42:50.928Z" }
wheels = [
    { url = "https://files.pythonhosted.org/packages/51/3f/afe76f8e2246ffbc867440cbcf90525264df0e658f8a5ca1f872b3f6192a/markdown-3.8-py3-none-any.whl", hash = "sha256:794a929b79c5af141ef5ab0f2f642d0f7b1872981250230e72682346f7cc90dc", size = 106210, upload-time = "2025-04-11T14:42:49.178Z" },
]

[[package]]
name = "shortuuid"
version = "1.0.13"
source = { registry = "https://pypi.org/simple" }
sdist = { url = "https://files.pythonhosted.org/packages/8c/e2/bcf761f3bff95856203f9559baf3741c416071dd200c0fc19fad7f078f86/shortuuid-1.0.13.tar.gz", hash = "sha256:3bb9cf07f606260584b1df46399c0b87dd84773e7b25912b7e391e30797c5e72", size = 9662, upload-time = "2024-03-11T20:11:06.879Z" }
wheels = [
    { url = "https://files.pythonhosted.org/packages/c0/44/21d6bf170bf40b41396480d8d49ad640bca3f2b02139cd52aa1e272830a5/shortuuid-1.0.13-py3-none-any.whl", hash = "sha256:a482a497300b49b4953e15108a7913244e1bb0d41f9d332f5e9925dba33a3c5a", size = 10529, upload-time = "2024-03-11T20:11:04.807Z" },
]

[[package]]
name = "sqlparse"
version = "0.5.3"
source = { registry = "https://pypi.org/simple" }
sdist = { url = "https://files.pythonhosted.org/packages/e5/40/edede8dd6977b0d3da179a342c198ed100dd2aba4be081861ee5911e4da4/sqlparse-0.5.3.tar.gz", hash = "sha256:09f67787f56a0b16ecdbde1bfc7f5d9c3371ca683cfeaa8e6ff60b4807ec9272", size = 84999, upload-time = "2024-12-10T12:05:30.728Z" }
wheels = [
    { url = "https://files.pythonhosted.org/packages/a9/5c/bfd6bd0bf979426d405cc6e71eceb8701b148b16c21d2dc3c261efc61c7b/sqlparse-0.5.3-py3-none-any.whl", hash = "sha256:cf2196ed3418f3ba5de6af7e82c694a9fbdbfecccdfc72e281548517081f16ca", size = 44415, upload-time = "2024-12-10T12:05:27.824Z" },
]

[[package]]
name = "tinycss2"
version = "1.4.0"
source = { registry = "https://pypi.org/simple" }
dependencies = [
    { name = "webencodings" },
]
sdist = { url = "https://files.pythonhosted.org/packages/7a/fd/7a5ee21fd08ff70d3d33a5781c255cbe779659bd03278feb98b19ee550f4/tinycss2-1.4.0.tar.gz", hash = "sha256:10c0972f6fc0fbee87c3edb76549357415e94548c1ae10ebccdea16fb404a9b7", size = 87085, upload-time = "2024-10-24T14:58:29.895Z" }
wheels = [
    { url = "https://files.pythonhosted.org/packages/e6/34/ebdc18bae6aa14fbee1a08b63c015c72b64868ff7dae68808ab500c492e2/tinycss2-1.4.0-py3-none-any.whl", hash = "sha256:3a49cf47b7675da0b15d0c6e1df8df4ebd96e9394bb905a5775adb0d884c5289", size = 26610, upload-time = "2024-10-24T14:58:28.029Z" },
]

[[package]]
name = "typing-extensions"
version = "4.14.0"
source = { registry = "https://pypi.org/simple" }
sdist = { url = "https://files.pythonhosted.org/packages/d1/bc/51647cd02527e87d05cb083ccc402f93e441606ff1f01739a62c8ad09ba5/typing_extensions-4.14.0.tar.gz", hash = "sha256:8676b788e32f02ab42d9e7c61324048ae4c6d844a399eebace3d4979d75ceef4", size = 107423, upload-time = "2025-06-02T14:52:11.399Z" }
wheels = [
    { url = "https://files.pythonhosted.org/packages/69/e0/552843e0d356fbb5256d21449fa957fa4eff3bbc135a74a691ee70c7c5da/typing_extensions-4.14.0-py3-none-any.whl", hash = "sha256:a1514509136dd0b477638fc68d6a91497af5076466ad0fa6c338e44e359944af", size = 43839, upload-time = "2025-06-02T14:52:10.026Z" },
]

[[package]]
name = "tzdata"
version = "2025.2"
source = { registry = "https://pypi.org/simple" }
sdist = { url = "https://files.pythonhosted.org/packages/95/32/1a225d6164441be760d75c2c42e2780dc0873fe382da3e98a2e1e48361e5/tzdata-2025.2.tar.gz", hash = "sha256:b60a638fcc0daffadf82fe0f57e53d06bdec2f36c4df66280ae79bce6bd6f2b9", size = 196380, upload-time = "2025-03-23T13:54:43.652Z" }
wheels = [
    { url = "https://files.pythonhosted.org/packages/5c/23/c7abc0ca0a1526a0774eca151daeb8de62ec457e77262b66b359c3c7679e/tzdata-2025.2-py2.py3-none-any.whl", hash = "sha256:1a403fada01ff9221ca8044d701868fa132215d84beb92242d9acd2147f667a8", size = 347839, upload-time = "2025-03-23T13:54:41.845Z" },
]

[[package]]
name = "webencodings"
version = "0.5.1"
source = { registry = "https://pypi.org/simple" }
sdist = { url = "https://files.pythonhosted.org/packages/0b/02/ae6ceac1baeda530866a85075641cec12989bd8d31af6d5ab4a3e8c92f47/webencodings-0.5.1.tar.gz", hash = "sha256:b36a1c245f2d304965eb4e0a82848379241dc04b865afcc4aab16748587e1923", size = 9721, upload-time = "2017-04-05T20:21:34.189Z" }
wheels = [
    { url = "https://files.pythonhosted.org/packages/f4/24/2a3e3df732393fed8b3ebf2ec078f05546de641fe1b667ee316ec1dcf3b7/webencodings-0.5.1-py2.py3-none-any.whl", hash = "sha256:a0af1213f3c2226497a97e2b3aa01a7e4bee4f403f95be16fc9acd2947514a78", size = 11774, upload-time = "2017-04-05T20:21:32.581Z" },
]
